# This file is autogenerated, do not edit; changes may be undone by the next 'dep ensure'.


[[projects]]
  digest = "1:9f3b30d9f8e0d7040f729b82dcbc8f0dead820a133b3147ce355fc451f32d761"
  name = "github.com/BurntSushi/toml"
  packages = ["."]
  pruneopts = "UT"
  revision = "3012a1dbe2e4bd1391d42b32f0577cb7bbc7f005"
  version = "v0.3.1"

[[projects]]
  digest = "1:55388fd080150b9a072912f97b1f5891eb0b50df43401f8b75fb4273d3fec9fc"
  name = "github.com/Masterminds/semver"
  packages = ["."]
  pruneopts = "UT"
  revision = "c7af12943936e8c39859482e61f0574c2fd7fc75"
  version = "v1.4.2"

[[projects]]
  digest = "1:5f3e382eb223888f46c09e41d186b05764d96e2470b4fb4f8e3655e8c50750a4"
  name = "github.com/Songmu/retry"
  packages = ["."]
  pruneopts = "UT"
  revision = "3a202b1bab4254860f7f71d04c28133026100493"
  version = "v0.0.1"

[[projects]]
  digest = "1:ec66ad050342a3573ed2f5a4337d51b4c6d5d2a717cc6c9ecf86b081235a5759"
  name = "github.com/cyphar/filepath-securejoin"
  packages = ["."]
  pruneopts = "UT"
  revision = "a261ee33d7a517f054effbf451841abaafe3e0fd"
  version = "v0.2.2"

[[projects]]
  digest = "1:abeb38ade3f32a92943e5be54f55ed6d6e3b6602761d74b4aab4c9dd45c18abd"
  name = "github.com/fsnotify/fsnotify"
  packages = ["."]
  pruneopts = "UT"
  revision = "c2828203cd70a50dcccfb2761f8b1f8ceef9a8e9"
  version = "v1.4.7"

[[projects]]
  digest = "1:2cd7915ab26ede7d95b8749e6b1f933f1c6d5398030684e6505940a10f31cfda"
  name = "github.com/ghodss/yaml"
  packages = ["."]
  pruneopts = "UT"
  revision = "0ca9ea5df5451ffdf184b4428c902747c2c11cd7"
  version = "v1.0.0"

[[projects]]
  digest = "1:9ae31ce33b4bab257668963e844d98765b44160be4ee98cafc44637a213e530d"
  name = "github.com/gobwas/glob"
  packages = [
    ".",
    "compiler",
    "match",
    "syntax",
    "syntax/ast",
    "syntax/lexer",
    "util/runes",
    "util/strings",
  ]
  pruneopts = "UT"
  revision = "5ccd90ef52e1e632236f7326478d4faa74f99438"
  version = "v0.2.3"

[[projects]]
  digest = "1:aa425c2526b9224bdca0194d88c18179f3af29e25b31bc3bbfc05b0fc4bd2cdc"
  name = "github.com/golang/protobuf"
  packages = [
    "proto",
    "ptypes/any",
    "ptypes/timestamp",
  ]
  pruneopts = "UT"
  revision = "b5d812f8a3706043e23a9cd5babf2e5423744d30"
  version = "v1.3.1"

[[projects]]
  digest = "1:f3fb942d9a52aff79191a8318317147ab76ca609bced931b8be9ab1825569993"
  name = "github.com/google/go-github"
  packages = ["github"]
  pruneopts = "UT"
  revision = "747f93dd9b489bd56f7442b3c42bfea12800a75b"
  version = "v17.0.0"

[[projects]]
  digest = "1:a63cff6b5d8b95638bfe300385d93b2a6d9d687734b863da8e09dc834510a690"
  name = "github.com/google/go-querystring"
  packages = ["query"]
  pruneopts = "UT"
  revision = "44c6ddd0a2342c386950e880b658017258da92fc"
  version = "v1.0.0"

[[projects]]
  digest = "1:c0d19ab64b32ce9fe5cf4ddceba78d5bc9807f0016db6b1183599da3dcc24d10"
  name = "github.com/hashicorp/hcl"
  packages = [
    ".",
    "hcl/ast",
    "hcl/parser",
    "hcl/printer",
    "hcl/scanner",
    "hcl/strconv",
    "hcl/token",
    "json/parser",
    "json/scanner",
    "json/token",
  ]
  pruneopts = "UT"
  revision = "8cb6e5b959231cc1119e43259c4a608f9c51a241"
  version = "v1.0.0"

[[projects]]
  digest = "1:870d441fe217b8e689d7949fef6e43efbc787e50f200cb1e70dbca9204a1d6be"
  name = "github.com/inconshreveable/mousetrap"
  packages = ["."]
  pruneopts = "UT"
  revision = "76626ae9c91c4f2a10f34cad8ce83ea42c93bb75"
  version = "v1.0"

[[projects]]
  digest = "1:c568d7727aa262c32bdf8a3f7db83614f7af0ed661474b24588de635c20024c7"
  name = "github.com/magiconair/properties"
  packages = ["."]
  pruneopts = "UT"
  revision = "c2353362d570a7bfa228149c62842019201cfb71"
  version = "v1.8.0"

[[projects]]
  branch = "master"
  digest = "1:5d231480e1c64a726869bc4142d270184c419749d34f167646baa21008eb0a79"
  name = "github.com/mitchellh/go-homedir"
  packages = ["."]
  pruneopts = "UT"
  revision = "af06845cf3004701891bf4fdb884bfe4920b3727"

[[projects]]
  digest = "1:53bc4cd4914cd7cd52139990d5170d6dc99067ae31c56530621b18b35fc30318"
  name = "github.com/mitchellh/mapstructure"
  packages = ["."]
  pruneopts = "UT"
  revision = "3536a929edddb9a5b34bd6861dc4a9647cb459fe"
  version = "v1.1.2"

[[projects]]
  digest = "1:95741de3af260a92cc5c7f3f3061e85273f5a81b5db20d4bd68da74bd521675e"
  name = "github.com/pelletier/go-toml"
  packages = ["."]
  pruneopts = "UT"
  revision = "c01d1270ff3e442a8a57cddc1c92dc1138598194"
  version = "v1.2.0"

[[projects]]
  digest = "1:cf31692c14422fa27c83a05292eb5cbe0fb2775972e8f1f8446a71549bd8980b"
  name = "github.com/pkg/errors"
  packages = ["."]
  pruneopts = "UT"
  revision = "ba968bfe8b2f7e042a574c888954fccecfa385b4"
  version = "v0.8.1"

[[projects]]
  digest = "1:3e39bafd6c2f4bf3c76c3bfd16a2e09e016510ad5db90dc02b88e2f565d6d595"
  name = "github.com/spf13/afero"
  packages = [
    ".",
    "mem",
  ]
  pruneopts = "UT"
  revision = "f4711e4db9e9a1d3887343acb72b2bbfc2f686f5"
  version = "v1.2.1"

[[projects]]
  digest = "1:08d65904057412fc0270fc4812a1c90c594186819243160dc779a402d4b6d0bc"
  name = "github.com/spf13/cast"
  packages = ["."]
  pruneopts = "UT"
  revision = "8c9545af88b134710ab1cd196795e7f2388358d7"
  version = "v1.3.0"

[[projects]]
  digest = "1:645cabccbb4fa8aab25a956cbcbdf6a6845ca736b2c64e197ca7cbb9d210b939"
  name = "github.com/spf13/cobra"
  packages = ["."]
  pruneopts = "UT"
  revision = "ef82de70bb3f60c65fb8eebacbb2d122ef517385"
  version = "v0.0.3"

[[projects]]
  digest = "1:1b753ec16506f5864d26a28b43703c58831255059644351bbcb019b843950900"
  name = "github.com/spf13/jwalterweatherman"
  packages = ["."]
  pruneopts = "UT"
  revision = "94f6ae3ed3bceceafa716478c5fbf8d29ca601a1"
  version = "v1.1.0"

[[projects]]
  digest = "1:c1b1102241e7f645bc8e0c22ae352e8f0dc6484b6cb4d132fa9f24174e0119e2"
  name = "github.com/spf13/pflag"
  packages = ["."]
  pruneopts = "UT"
  revision = "298182f68c66c05229eb03ac171abe6e309ee79a"
  version = "v1.0.3"

[[projects]]
  digest = "1:1b773526998f3dbde3a51a4a5881680c4d237d3600f570d900f97ac93c7ba0a8"
  name = "github.com/spf13/viper"
  packages = ["."]
  pruneopts = "UT"
  revision = "9e56dacc08fbbf8c9ee2dbc717553c758ce42bc9"
  version = "v1.3.2"

[[projects]]
  branch = "master"
  digest = "1:06c6fc33d80ea6bb33d47528105d21ee0b37b08bbd1b6dd85b8a9c6f35ac4dc7"
  name = "golang.org/x/crypto"
  packages = [
    "cast5",
    "openpgp",
    "openpgp/armor",
    "openpgp/clearsign",
    "openpgp/elgamal",
    "openpgp/errors",
    "openpgp/packet",
    "openpgp/s2k",
  ]
  pruneopts = "UT"
  revision = "a1f597ede03a7bef967a422b5b3a5bd08805a01e"

[[projects]]
  branch = "master"
  digest = "1:f8b491a7c25030a895a0e579742d07136e6958e77ef2d46e769db8eec4e58fcd"
  name = "golang.org/x/net"
  packages = [
    "context",
    "context/ctxhttp",
  ]
  pruneopts = "UT"
  revision = "9f648a60d9775ef5c977e7669d1673a7a67bef33"

[[projects]]
  branch = "master"
  digest = "1:037497a2c592b7aa03789f9d6492d02e7d7d166c0e363c95cb53952cf11c7ab0"
  name = "golang.org/x/oauth2"
  packages = [
    ".",
    "internal",
  ]
  pruneopts = "UT"
  revision = "e64efc72b421e893cbf63f17ba2221e7d6d0b0f3"

[[projects]]
  branch = "master"
  digest = "1:f36c7b9a36158e62ffe5d8b02d1b5955500c13106cdaeebf5323d88863cae96f"
  name = "golang.org/x/sys"
  packages = ["unix"]
  pruneopts = "UT"
  revision = "a2f829d7f35f2ed1c3520c553a6226495455cae0"

[[projects]]
  digest = "1:8029e9743749d4be5bc9f7d42ea1659471767860f0cdc34d37c3111bd308a295"
  name = "golang.org/x/text"
  packages = [
    "internal/gen",
    "internal/triegen",
    "internal/ucd",
    "transform",
    "unicode/cldr",
    "unicode/norm",
  ]
  pruneopts = "UT"
  revision = "f21a4dfb5e38f5895301dc265a8def02365cc3d0"
  version = "v0.3.0"

[[projects]]
  digest = "1:6f3bd49ddf2e104e52062774d797714371fac1b8bddfd8e124ce78e6b2264a10"
  name = "google.golang.org/appengine"
  packages = [
    "internal",
    "internal/base",
    "internal/datastore",
    "internal/log",
    "internal/remote_api",
    "internal/urlfetch",
    "urlfetch",
  ]
  pruneopts = "UT"
  revision = "e9657d882bb81064595ca3b56cbe2546bbabf7b1"
  version = "v1.4.0"

[[projects]]
  digest = "1:4d2e5a73dc1500038e504a8d78b986630e3626dc027bc030ba5c75da257cdb96"
  name = "gopkg.in/yaml.v2"
  packages = ["."]
  pruneopts = "UT"
  revision = "51d6538a90f86fe93ac480b35f37b2be17fef232"
  version = "v2.2.2"

[[projects]]
  branch = "master"
  digest = "1:0e8d6e7db54dd63de1caa7e00306a9d44c658287cf59fba915218a69e39f5de1"
  name = "k8s.io/apimachinery"
  packages = ["pkg/version"]
  pruneopts = "UT"
  revision = "c9defaaddf6f05ecb2dd115c1bed600265501daf"

[[projects]]
  digest = "1:bf83d8940d59a175dad5ba323b47c6e62b3ba2dc9b2d449f629288deeeeb6582"
  name = "k8s.io/client-go"
  packages = ["util/homedir"]
  pruneopts = "UT"
  revision = "e64494209f554a6723674bd494d69445fb76a1d4"
  version = "v10.0.0"

[[projects]]
  digest = "1:893d68aca38d141984c55c5d960426b7eb9c974ccdc05f34c0b28431316ad1a5"
  name = "k8s.io/helm"
  packages = [
    "pkg/chartutil",
    "pkg/getter",
    "pkg/helm/environment",
    "pkg/helm/helmpath",
    "pkg/ignore",
    "pkg/plugin",
    "pkg/proto/hapi/chart",
    "pkg/proto/hapi/version",
    "pkg/provenance",
    "pkg/repo",
    "pkg/sympath",
    "pkg/tlsutil",
    "pkg/urlutil",
    "pkg/version",
  ]
  pruneopts = "UT"
  revision = "79d07943b03aea2b76c12644b4b54733bc5958d6"
  version = "v2.13.0"

[solve-meta]
  analyzer-name = "dep"
  analyzer-version = 1
  input-imports = [
    "github.com/Songmu/retry",
    "github.com/google/go-github/github",
    "github.com/mitchellh/go-homedir",
    "github.com/pkg/errors",
    "github.com/spf13/cobra",
    "github.com/spf13/pflag",
    "github.com/spf13/viper",
    "golang.org/x/oauth2",
    "k8s.io/helm/pkg/chartutil",
    "k8s.io/helm/pkg/provenance",
    "k8s.io/helm/pkg/repo",
  ]
  solver-name = "gps-cdcl"
  solver-version = 1
